// !$*UTF8*$!
{
	archiveVersion = 1;
	classes = {
	};
	objectVersion = 55;
	objects = {

/* Begin PBXBuildFile section */
		84E2011427F526C6007194ED /* Concept_swiftUiApp.swift in Sources */ = {isa = PBXBuildFile; fileRef = 84E2011327F526C6007194ED /* Concept_swiftUiApp.swift */; };
		84E2011627F526C6007194ED /* ContentView.swift in Sources */ = {isa = PBXBuildFile; fileRef = 84E2011527F526C6007194ED /* ContentView.swift */; };
		84E2011827F526C7007194ED /* Assets.xcassets in Resources */ = {isa = PBXBuildFile; fileRef = 84E2011727F526C7007194ED /* Assets.xcassets */; };
		84E2011B27F526C7007194ED /* Preview Assets.xcassets in Resources */ = {isa = PBXBuildFile; fileRef = 84E2011A27F526C7007194ED /* Preview Assets.xcassets */; };
		84E2012527F526C7007194ED /* Concept_swiftUiTests.swift in Sources */ = {isa = PBXBuildFile; fileRef = 84E2012427F526C7007194ED /* Concept_swiftUiTests.swift */; };
		84E2012F27F526C7007194ED /* Concept_swiftUiUITests.swift in Sources */ = {isa = PBXBuildFile; fileRef = 84E2012E27F526C7007194ED /* Concept_swiftUiUITests.swift */; };
		84E2013127F526C7007194ED /* Concept_swiftUiUITestsLaunchTests.swift in Sources */ = {isa = PBXBuildFile; fileRef = 84E2013027F526C7007194ED /* Concept_swiftUiUITestsLaunchTests.swift */; };
/* End PBXBuildFile section */

/* Begin PBXContainerItemProxy section */
		84E2012127F526C7007194ED /* PBXContainerItemProxy */ = {
			isa = PBXContainerItemProxy;
			containerPortal = 84E2010827F526C6007194ED /* Project object */;
			proxyType = 1;
			remoteGlobalIDString = 84E2010F27F526C6007194ED;
			remoteInfo = Concept_swiftUi;
		};
		84E2012B27F526C7007194ED /* PBXContainerItemProxy */ = {
			isa = PBXContainerItemProxy;
			containerPortal = 84E2010827F526C6007194ED /* Project object */;
			proxyType = 1;
			remoteGlobalIDString = 84E2010F27F526C6007194ED;
			remoteInfo = Concept_swiftUi;
		};
/* End PBXContainerItemProxy section */

/* Begin PBXFileReference section */
		84E2011027F526C6007194ED /* Concept_swiftUi.app */ = {isa = PBXFileReference; explicitFileType = wrapper.application; includeInIndex = 0; path = Concept_swiftUi.app; sourceTree = BUILT_PRODUCTS_DIR; };
		84E2011327F526C6007194ED /* Concept_swiftUiApp.swift */ = {isa = PBXFileReference; lastKnownFileType = sourcecode.swift; path = Concept_swiftUiApp.swift; sourceTree = "<group>"; };
		84E2011527F526C6007194ED /* ContentView.swift */ = {isa = PBXFileReference; lastKnownFileType = sourcecode.swift; path = ContentView.swift; sourceTree = "<group>"; };
		84E2011727F526C7007194ED /* Assets.xcassets */ = {isa = PBXFileReference; lastKnownFileType = folder.assetcatalog; path = Assets.xcassets; sourceTree = "<group>"; };
		84E2011A27F526C7007194ED /* Preview Assets.xcassets */ = {isa = PBXFileReference; lastKnownFileType = folder.assetcatalog; path = "Preview Assets.xcassets"; sourceTree = "<group>"; };
		84E2012027F526C7007194ED /* Concept_swiftUiTests.xctest */ = {isa = PBXFileReference; explicitFileType = wrapper.cfbundle; includeInIndex = 0; path = Concept_swiftUiTests.xctest; sourceTree = BUILT_PRODUCTS_DIR; };
		84E2012427F526C7007194ED /* Concept_swiftUiTests.swift */ = {isa = PBXFileReference; lastKnownFileType = sourcecode.swift; path = Concept_swiftUiTests.swift; sourceTree = "<group>"; };
		84E2012A27F526C7007194ED /* Concept_swiftUiUITests.xctest */ = {isa = PBXFileReference; explicitFileType = wrapper.cfbundle; includeInIndex = 0; path = Concept_swiftUiUITests.xctest; sourceTree = BUILT_PRODUCTS_DIR; };
		84E2012E27F526C7007194ED /* Concept_swiftUiUITests.swift */ = {isa = PBXFileReference; lastKnownFileType = sourcecode.swift; path = Concept_swiftUiUITests.swift; sourceTree = "<group>"; };
		84E2013027F526C7007194ED /* Concept_swiftUiUITestsLaunchTests.swift */ = {isa = PBXFileReference; lastKnownFileType = sourcecode.swift; path = Concept_swiftUiUITestsLaunchTests.swift; sourceTree = "<group>"; };
		84E2013D27F52A63007194ED /* Script.sh */ = {isa = PBXFileReference; lastKnownFileType = text.script.sh; path = Script.sh; sourceTree = "<group>"; };
		84E2014427F9B3EC007194ED /* github.png */ = {isa = PBXFileReference; lastKnownFileType = image.png; path = github.png; sourceTree = "<group>"; };
/* End PBXFileReference section */

/* Begin PBXFrameworksBuildPhase section */
		84E2010D27F526C6007194ED /* Frameworks */ = {
			isa = PBXFrameworksBuildPhase;
			buildActionMask = 2147483647;
			files = (
			);
			runOnlyForDeploymentPostprocessing = 0;
		};
		84E2011D27F526C7007194ED /* Frameworks */ = {
			isa = PBXFrameworksBuildPhase;
			buildActionMask = 2147483647;
			files = (
			);
			runOnlyForDeploymentPostprocessing = 0;
		};
		84E2012727F526C7007194ED /* Frameworks */ = {
			isa = PBXFrameworksBuildPhase;
			buildActionMask = 2147483647;
			files = (
			);
			runOnlyForDeploymentPostprocessing = 0;
		};
/* End PBXFrameworksBuildPhase section */

/* Begin PBXGroup section */
		84E2010727F526C6007194ED = {
			isa = PBXGroup;
			children = (
				84E2013D27F52A63007194ED /* Script.sh */,
				84E2011227F526C6007194ED /* Concept_swiftUi */,
				84E2012327F526C7007194ED /* Concept_swiftUiTests */,
				84E2012D27F526C7007194ED /* Concept_swiftUiUITests */,
				84E2011127F526C6007194ED /* Products */,
			);
			sourceTree = "<group>";
		};
		84E2011127F526C6007194ED /* Products */ = {
			isa = PBXGroup;
			children = (
				84E2011027F526C6007194ED /* Concept_swiftUi.app */,
				84E2012027F526C7007194ED /* Concept_swiftUiTests.xctest */,
				84E2012A27F526C7007194ED /* Concept_swiftUiUITests.xctest */,
			);
			name = Products;
			sourceTree = "<group>";
		};
		84E2011227F526C6007194ED /* Concept_swiftUi */ = {
			isa = PBXGroup;
			children = (
				84E2011327F526C6007194ED /* Concept_swiftUiApp.swift */,
				84E2011527F526C6007194ED /* ContentView.swift */,
				84E2011727F526C7007194ED /* Assets.xcassets */,
				84E2014427F9B3EC007194ED /* github.png */,
				84E2011927F526C7007194ED /* Preview Content */,
			);
			path = Concept_swiftUi;
			sourceTree = "<group>";
		};
		84E2011927F526C7007194ED /* Preview Content */ = {
			isa = PBXGroup;
			children = (
				84E2011A27F526C7007194ED /* Preview Assets.xcassets */,
			);
			path = "Preview Content";
			sourceTree = "<group>";
		};
		84E2012327F526C7007194ED /* Concept_swiftUiTests */ = {
			isa = PBXGroup;
			children = (
				84E2012427F526C7007194ED /* Concept_swiftUiTests.swift */,
			);
			path = Concept_swiftUiTests;
			sourceTree = "<group>";
		};
		84E2012D27F526C7007194ED /* Concept_swiftUiUITests */ = {
			isa = PBXGroup;
			children = (
				84E2012E27F526C7007194ED /* Concept_swiftUiUITests.swift */,
				84E2013027F526C7007194ED /* Concept_swiftUiUITestsLaunchTests.swift */,
			);
			path = Concept_swiftUiUITests;
			sourceTree = "<group>";
		};
/* End PBXGroup section */

/* Begin PBXNativeTarget section */
		84E2010F27F526C6007194ED /* Concept_swiftUi */ = {
			isa = PBXNativeTarget;
			buildConfigurationList = 84E2013427F526C7007194ED /* Build configuration list for PBXNativeTarget "Concept_swiftUi" */;
			buildPhases = (
				84E2010C27F526C6007194ED /* Sources */,
				84E2010D27F526C6007194ED /* Frameworks */,
				84E2010E27F526C6007194ED /* Resources */,
			);
			buildRules = (
			);
			dependencies = (
			);
			name = Concept_swiftUi;
			productName = Concept_swiftUi;
			productReference = 84E2011027F526C6007194ED /* Concept_swiftUi.app */;
			productType = "com.apple.product-type.application";
		};
		84E2011F27F526C7007194ED /* Concept_swiftUiTests */ = {
			isa = PBXNativeTarget;
			buildConfigurationList = 84E2013727F526C7007194ED /* Build configuration list for PBXNativeTarget "Concept_swiftUiTests" */;
			buildPhases = (
				84E2011C27F526C7007194ED /* Sources */,
				84E2011D27F526C7007194ED /* Frameworks */,
				84E2011E27F526C7007194ED /* Resources */,
			);
			buildRules = (
			);
			dependencies = (
				84E2012227F526C7007194ED /* PBXTargetDependency */,
			);
			name = Concept_swiftUiTests;
			productName = Concept_swiftUiTests;
			productReference = 84E2012027F526C7007194ED /* Concept_swiftUiTests.xctest */;
			productType = "com.apple.product-type.bundle.unit-test";
		};
		84E2012927F526C7007194ED /* Concept_swiftUiUITests */ = {
			isa = PBXNativeTarget;
			buildConfigurationList = 84E2013A27F526C7007194ED /* Build configuration list for PBXNativeTarget "Concept_swiftUiUITests" */;
			buildPhases = (
				84E2012627F526C7007194ED /* Sources */,
				84E2012727F526C7007194ED /* Frameworks */,
				84E2012827F526C7007194ED /* Resources */,
			);
			buildRules = (
			);
			dependencies = (
				84E2012C27F526C7007194ED /* PBXTargetDependency */,
			);
			name = Concept_swiftUiUITests;
			productName = Concept_swiftUiUITests;
			productReference = 84E2012A27F526C7007194ED /* Concept_swiftUiUITests.xctest */;
			productType = "com.apple.product-type.bundle.ui-testing";
		};
/* End PBXNativeTarget section */

/* Begin PBXProject section */
		84E2010827F526C6007194ED /* Project object */ = {
			isa = PBXProject;
			attributes = {
				BuildIndependentTargetsInParallel = 1;
				LastSwiftUpdateCheck = 1320;
				LastUpgradeCheck = 1320;
				TargetAttributes = {
					84E2010F27F526C6007194ED = {
						CreatedOnToolsVersion = 13.2.1;
					};
					84E2011F27F526C7007194ED = {
						CreatedOnToolsVersion = 13.2.1;
						TestTargetID = 84E2010F27F526C6007194ED;
					};
					84E2012927F526C7007194ED = {
						CreatedOnToolsVersion = 13.2.1;
						TestTargetID = 84E2010F27F526C6007194ED;
					};
				};
			};
			buildConfigurationList = 84E2010B27F526C6007194ED /* Build configuration list for PBXProject "Concept_swiftUi" */;
			compatibilityVersion = "Xcode 13.0";
			developmentRegion = en;
			hasScannedForEncodings = 0;
			knownRegions = (
				en,
				Base,
			);
			mainGroup = 84E2010727F526C6007194ED;
			productRefGroup = 84E2011127F526C6007194ED /* Products */;
			projectDirPath = "";
			projectRoot = "";
			targets = (
				84E2010F27F526C6007194ED /* Concept_swiftUi */,
				84E2011F27F526C7007194ED /* Concept_swiftUiTests */,
				84E2012927F526C7007194ED /* Concept_swiftUiUITests */,
			);
		};
/* End PBXProject section */

/* Begin PBXResourcesBuildPhase section */
		84E2010E27F526C6007194ED /* Resources */ = {
			isa = PBXResourcesBuildPhase;
			buildActionMask = 2147483647;
			files = (
				84E2011B27F526C7007194ED /* Preview Assets.xcassets in Resources */,
				84E2011827F526C7007194ED /* Assets.xcassets in Resources */,
			);
			runOnlyForDeploymentPostprocessing = 0;
		};
		84E2011E27F526C7007194ED /* Resources */ = {
			isa = PBXResourcesBuildPhase;
			buildActionMask = 2147483647;
			files = (
			);
			runOnlyForDeploymentPostprocessing = 0;
		};
		84E2012827F526C7007194ED /* Resources */ = {
			isa = PBXResourcesBuildPhase;
			buildActionMask = 2147483647;
			files = (
			);
			runOnlyForDeploymentPostprocessing = 0;
		};
/* End PBXResourcesBuildPhase section */

/* Begin PBXSourcesBuildPhase section */
		84E2010C27F526C6007194ED /* Sources */ = {
			isa = PBXSourcesBuildPhase;
			buildActionMask = 2147483647;
			files = (
				84E2011627F526C6007194ED /* ContentView.swift in Sources */,
				84E2011427F526C6007194ED /* Concept_swiftUiApp.swift in Sources */,
			);
			runOnlyForDeploymentPostprocessing = 0;
		};
		84E2011C27F526C7007194ED /* Sources */ = {
			isa = PBXSourcesBuildPhase;
			buildActionMask = 2147483647;
			files = (
				84E2012527F526C7007194ED /* Concept_swiftUiTests.swift in Sources */,
			);
			runOnlyForDeploymentPostprocessing = 0;
		};
		84E2012627F526C7007194ED /* Sources */ = {
			isa = PBXSourcesBuildPhase;
			buildActionMask = 2147483647;
			files = (
				84E2012F27F526C7007194ED /* Concept_swiftUiUITests.swift in Sources */,
				84E2013127F526C7007194ED /* Concept_swiftUiUITestsLaunchTests.swift in Sources */,
			);
			runOnlyForDeploymentPostprocessing = 0;
		};
/* End PBXSourcesBuildPhase section */

/* Begin PBXTargetDependency section */
		84E2012227F526C7007194ED /* PBXTargetDependency */ = {
			isa = PBXTargetDependency;
			target = 84E2010F27F526C6007194ED /* Concept_swiftUi */;
			targetProxy = 84E2012127F526C7007194ED /* PBXContainerItemProxy */;
		};
		84E2012C27F526C7007194ED /* PBXTargetDependency */ = {
			isa = PBXTargetDependency;
			target = 84E2010F27F526C6007194ED /* Concept_swiftUi */;
			targetProxy = 84E2012B27F526C7007194ED /* PBXContainerItemProxy */;
		};
/* End PBXTargetDependency section */

/* Begin XCBuildConfiguration section */
		84E2013227F526C7007194ED /* Debug */ = {
			isa = XCBuildConfiguration;
			buildSettings = {
				ALWAYS_SEARCH_USER_PATHS = NO;
				CLANG_ANALYZER_NONNULL = YES;
				CLANG_ANALYZER_NUMBER_OBJECT_CONVERSION = YES_AGGRESSIVE;
				CLANG_CXX_LANGUAGE_STANDARD = "gnu++17";
				CLANG_CXX_LIBRARY = "libc++";
				CLANG_ENABLE_MODULES = YES;
				CLANG_ENABLE_OBJC_ARC = YES;
				CLANG_ENABLE_OBJC_WEAK = YES;
				CLANG_WARN_BLOCK_CAPTURE_AUTORELEASING = YES;
				CLANG_WARN_BOOL_CONVERSION = YES;
				CLANG_WARN_COMMA = YES;
				CLANG_WARN_CONSTANT_CONVERSION = YES;
				CLANG_WARN_DEPRECATED_OBJC_IMPLEMENTATIONS = YES;
				CLANG_WARN_DIRECT_OBJC_ISA_USAGE = YES_ERROR;
				CLANG_WARN_DOCUMENTATION_COMMENTS = YES;
				CLANG_WARN_EMPTY_BODY = YES;
				CLANG_WARN_ENUM_CONVERSION = YES;
				CLANG_WARN_INFINITE_RECURSION = YES;
				CLANG_WARN_INT_CONVERSION = YES;
				CLANG_WARN_NON_LITERAL_NULL_CONVERSION = YES;
				CLANG_WARN_OBJC_IMPLICIT_RETAIN_SELF = YES;
				CLANG_WARN_OBJC_LITERAL_CONVERSION = YES;
				CLANG_WARN_OBJC_ROOT_CLASS = YES_ERROR;
				CLANG_WARN_QUOTED_INCLUDE_IN_FRAMEWORK_HEADER = YES;
				CLANG_WARN_RANGE_LOOP_ANALYSIS = YES;
				CLANG_WARN_STRICT_PROTOTYPES = YES;
				CLANG_WARN_SUSPICIOUS_MOVE = YES;
				CLANG_WARN_UNGUARDED_AVAILABILITY = YES_AGGRESSIVE;
				CLANG_WARN_UNREACHABLE_CODE = YES;
				CLANG_WARN__DUPLICATE_METHOD_MATCH = YES;
				COPY_PHASE_STRIP = NO;
				DEBUG_INFORMATION_FORMAT = dwarf;
				ENABLE_STRICT_OBJC_MSGSEND = YES;
				ENABLE_TESTABILITY = YES;
				GCC_C_LANGUAGE_STANDARD = gnu11;
				GCC_DYNAMIC_NO_PIC = NO;
				GCC_NO_COMMON_BLOCKS = YES;
				GCC_OPTIMIZATION_LEVEL = 0;
				GCC_PREPROCESSOR_DEFINITIONS = (
					"DEBUG=1",
					"$(inherited)",
				);
				GCC_WARN_64_TO_32_BIT_CONVERSION = YES;
				GCC_WARN_ABOUT_RETURN_TYPE = YES_ERROR;
				GCC_WARN_UNDECLARED_SELECTOR = YES;
				GCC_WARN_UNINITIALIZED_AUTOS = YES_AGGRESSIVE;
				GCC_WARN_UNUSED_FUNCTION = YES;
				GCC_WARN_UNUSED_VARIABLE = YES;
				IPHONEOS_DEPLOYMENT_TARGET = 15.2;
				MTL_ENABLE_DEBUG_INFO = INCLUDE_SOURCE;
				MTL_FAST_MATH = YES;
				ONLY_ACTIVE_ARCH = YES;
				SDKROOT = iphoneos;
				SWIFT_ACTIVE_COMPILATION_CONDITIONS = DEBUG;
				SWIFT_OPTIMIZATION_LEVEL = "-Onone";
			};
			name = Debug;
		};
		84E2013327F526C7007194ED /* Release */ = {
			isa = XCBuildConfiguration;
			buildSettings = {
				ALWAYS_SEARCH_USER_PATHS = NO;
				CLANG_ANALYZER_NONNULL = YES;
				CLANG_ANALYZER_NUMBER_OBJECT_CONVERSION = YES_AGGRESSIVE;
				CLANG_CXX_LANGUAGE_STANDARD = "gnu++17";
				CLANG_CXX_LIBRARY = "libc++";
				CLANG_ENABLE_MODULES = YES;
				CLANG_ENABLE_OBJC_ARC = YES;
				CLANG_ENABLE_OBJC_WEAK = YES;
				CLANG_WARN_BLOCK_CAPTURE_AUTORELEASING = YES;
				CLANG_WARN_BOOL_CONVERSION = YES;
				CLANG_WARN_COMMA = YES;
				CLANG_WARN_CONSTANT_CONVERSION = YES;
				CLANG_WARN_DEPRECATED_OBJC_IMPLEMENTATIONS = YES;
				CLANG_WARN_DIRECT_OBJC_ISA_USAGE = YES_ERROR;
				CLANG_WARN_DOCUMENTATION_COMMENTS = YES;
				CLANG_WARN_EMPTY_BODY = YES;
				CLANG_WARN_ENUM_CONVERSION = YES;
				CLANG_WARN_INFINITE_RECURSION = YES;
				CLANG_WARN_INT_CONVERSION = YES;
				CLANG_WARN_NON_LITERAL_NULL_CONVERSION = YES;
				CLANG_WARN_OBJC_IMPLICIT_RETAIN_SELF = YES;
				CLANG_WARN_OBJC_LITERAL_CONVERSION = YES;
				CLANG_WARN_OBJC_ROOT_CLASS = YES_ERROR;
				CLANG_WARN_QUOTED_INCLUDE_IN_FRAMEWORK_HEADER = YES;
				CLANG_WARN_RANGE_LOOP_ANALYSIS = YES;
				CLANG_WARN_STRICT_PROTOTYPES = YES;
				CLANG_WARN_SUSPICIOUS_MOVE = YES;
				CLANG_WARN_UNGUARDED_AVAILABILITY = YES_AGGRESSIVE;
				CLANG_WARN_UNREACHABLE_CODE = YES;
				CLANG_WARN__DUPLICATE_METHOD_MATCH = YES;
				COPY_PHASE_STRIP = NO;
				DEBUG_INFORMATION_FORMAT = "dwarf-with-dsym";
				ENABLE_NS_ASSERTIONS = NO;
				ENABLE_STRICT_OBJC_MSGSEND = YES;
				GCC_C_LANGUAGE_STANDARD = gnu11;
				GCC_NO_COMMON_BLOCKS = YES;
				GCC_WARN_64_TO_32_BIT_CONVERSION = YES;
				GCC_WARN_ABOUT_RETURN_TYPE = YES_ERROR;
				GCC_WARN_UNDECLARED_SELECTOR = YES;
				GCC_WARN_UNINITIALIZED_AUTOS = YES_AGGRESSIVE;
				GCC_WARN_UNUSED_FUNCTION = YES;
				GCC_WARN_UNUSED_VARIABLE = YES;
				IPHONEOS_DEPLOYMENT_TARGET = 15.2;
				MTL_ENABLE_DEBUG_INFO = NO;
				MTL_FAST_MATH = YES;
				SDKROOT = iphoneos;
				SWIFT_COMPILATION_MODE = wholemodule;
				SWIFT_OPTIMIZATION_LEVEL = "-O";
				VALIDATE_PRODUCT = YES;
			};
			name = Release;
		};
		84E2013527F526C7007194ED /* Debug */ = {
			isa = XCBuildConfiguration;
			buildSettings = {
				ASSETCATALOG_COMPILER_APPICON_NAME = AppIcon;
				ASSETCATALOG_COMPILER_GLOBAL_ACCENT_COLOR_NAME = AccentColor;
				CODE_SIGN_STYLE = Automatic;
				CURRENT_PROJECT_VERSION = 1;
				DEVELOPMENT_ASSET_PATHS = "\"Concept_swiftUi/Preview Content\"";
				DEVELOPMENT_TEAM = 3TNPLL427V;
				ENABLE_PREVIEWS = YES;
				GENERATE_INFOPLIST_FILE = YES;
				INFOPLIST_KEY_UIApplicationSceneManifest_Generation = YES;
				INFOPLIST_KEY_UIApplicationSupportsIndirectInputEvents = YES;
				INFOPLIST_KEY_UILaunchScreen_Generation = YES;
				INFOPLIST_KEY_UISupportedInterfaceOrientations_iPad = "UIInterfaceOrientationPortrait UIInterfaceOrientationPortraitUpsideDown UIInterfaceOrientationLandscapeLeft UIInterfaceOrientationLandscapeRight";
				INFOPLIST_KEY_UISupportedInterfaceOrientations_iPhone = "UIInterfaceOrientationPortrait UIInterfaceOrientationLandscapeLeft UIInterfaceOrientationLandscapeRight";
				LD_RUNPATH_SEARCH_PATHS = (
					"$(inherited)",
					"@executable_path/Frameworks",
				);
				MARKETING_VERSION = 1.0;
				PRODUCT_BUNDLE_IDENTIFIER = "amirTeam.Concept-swiftUi";
				PRODUCT_NAME = "$(TARGET_NAME)";
				SWIFT_EMIT_LOC_STRINGS = YES;
				SWIFT_VERSION = 5.0;
				TARGETED_DEVICE_FAMILY = "1,2";
			};
			name = Debug;
		};
		84E2013627F526C7007194ED /* Release */ = {
			isa = XCBuildConfiguration;
			buildSettings = {
				ASSETCATALOG_COMPILER_APPICON_NAME = AppIcon;
				ASSETCATALOG_COMPILER_GLOBAL_ACCENT_COLOR_NAME = AccentColor;
				CODE_SIGN_STYLE = Automatic;
				CURRENT_PROJECT_VERSION = 1;
				DEVELOPMENT_ASSET_PATHS = "\"Concept_swiftUi/Preview Content\"";
				DEVELOPMENT_TEAM = 3TNPLL427V;
				ENABLE_PREVIEWS = YES;
				GENERATE_INFOPLIST_FILE = YES;
				INFOPLIST_KEY_UIApplicationSceneManifest_Generation = YES;
				INFOPLIST_KEY_UIApplicationSupportsIndirectInputEvents = YES;
				INFOPLIST_KEY_UILaunchScreen_Generation = YES;
				INFOPLIST_KEY_UISupportedInterfaceOrientations_iPad = "UIInterfaceOrientationPortrait UIInterfaceOrientationPortraitUpsideDown UIInterfaceOrientationLandscapeLeft UIInterfaceOrientationLandscapeRight";
				INFOPLIST_KEY_UISupportedInterfaceOrientations_iPhone = "UIInterfaceOrientationPortrait UIInterfaceOrientationLandscapeLeft UIInterfaceOrientationLandscapeRight";
				LD_RUNPATH_SEARCH_PATHS = (
					"$(inherited)",
					"@executable_path/Frameworks",
				);
				MARKETING_VERSION = 1.0;
				PRODUCT_BUNDLE_IDENTIFIER = "amirTeam.Concept-swiftUi";
				PRODUCT_NAME = "$(TARGET_NAME)";
				SWIFT_EMIT_LOC_STRINGS = YES;
				SWIFT_VERSION = 5.0;
				TARGETED_DEVICE_FAMILY = "1,2";
			};
			name = Release;
		};
		84E2013827F526C7007194ED /* Debug */ = {
			isa = XCBuildConfiguration;
			buildSettings = {
				ALWAYS_EMBED_SWIFT_STANDARD_LIBRARIES = YES;
				BUNDLE_LOADER = "$(TEST_HOST)";
				CODE_SIGN_STYLE = Automatic;
				CURRENT_PROJECT_VERSION = 1;
				DEVELOPMENT_TEAM = 3TNPLL427V;
				GENERATE_INFOPLIST_FILE = YES;
				IPHONEOS_DEPLOYMENT_TARGET = 15.2;
				MARKETING_VERSION = 1.0;
				PRODUCT_BUNDLE_IDENTIFIER = "amirTeam.Concept-swiftUiTests";
				PRODUCT_NAME = "$(TARGET_NAME)";
				SWIFT_EMIT_LOC_STRINGS = NO;
				SWIFT_VERSION = 5.0;
				TARGETED_DEVICE_FAMILY = "1,2";
				TEST_HOST = "$(BUILT_PRODUCTS_DIR)/Concept_swiftUi.app/Concept_swiftUi";
			};
			name = Debug;
		};
		84E2013927F526C7007194ED /* Release */ = {
			isa = XCBuildConfiguration;
			buildSettings = {
				ALWAYS_EMBED_SWIFT_STANDARD_LIBRARIES = YES;
				BUNDLE_LOADER = "$(TEST_HOST)";
				CODE_SIGN_STYLE = Automatic;
				CURRENT_PROJECT_VERSION = 1;
				DEVELOPMENT_TEAM = 3TNPLL427V;
				GENERATE_INFOPLIST_FILE = YES;
				IPHONEOS_DEPLOYMENT_TARGET = 15.2;
				MARKETING_VERSION = 1.0;
				PRODUCT_BUNDLE_IDENTIFIER = "amirTeam.Concept-swiftUiTests";
				PRODUCT_NAME = "$(TARGET_NAME)";
				SWIFT_EMIT_LOC_STRINGS = NO;
				SWIFT_VERSION = 5.0;
				TARGETED_DEVICE_FAMILY = "1,2";
				TEST_HOST = "$(BUILT_PRODUCTS_DIR)/Concept_swiftUi.app/Concept_swiftUi";
			};
			name = Release;
		};
		84E2013B27F526C7007194ED /* Debug */ = {
			isa = XCBuildConfiguration;
			buildSettings = {
				ALWAYS_EMBED_SWIFT_STANDARD_LIBRARIES = YES;
				CODE_SIGN_STYLE = Automatic;
				CURRENT_PROJECT_VERSION = 1;
				DEVELOPMENT_TEAM = 3TNPLL427V;
				GENERATE_INFOPLIST_FILE = YES;
				MARKETING_VERSION = 1.0;
				PRODUCT_BUNDLE_IDENTIFIER = "amirTeam.Concept-swiftUiUITests";
				PRODUCT_NAME = "$(TARGET_NAME)";
				SWIFT_EMIT_LOC_STRINGS = NO;
				SWIFT_VERSION = 5.0;
				TARGETED_DEVICE_FAMILY = "1,2";
				TEST_TARGET_NAME = Concept_swiftUi;
			};
			name = Debug;
		};
		84E2013C27F526C7007194ED /* Release */ = {
			isa = XCBuildConfiguration;
			buildSettings = {
				ALWAYS_EMBED_SWIFT_STANDARD_LIBRARIES = YES;
				CODE_SIGN_STYLE = Automatic;
				CURRENT_PROJECT_VERSION = 1;
				DEVELOPMENT_TEAM = 3TNPLL427V;
				GENERATE_INFOPLIST_FILE = YES;
				MARKETING_VERSION = 1.0;
				PRODUCT_BUNDLE_IDENTIFIER = "amirTeam.Concept-swiftUiUITests";
				PRODUCT_NAME = "$(TARGET_NAME)";
				SWIFT_EMIT_LOC_STRINGS = NO;
				SWIFT_VERSION = 5.0;
				TARGETED_DEVICE_FAMILY = "1,2";
				TEST_TARGET_NAME = Concept_swiftUi;
			};
			name = Release;
		};
/* End XCBuildConfiguration section */

/* Begin XCConfigurationList section */
		84E2010B27F526C6007194ED /* Build configuration list for PBXProject "Concept_swiftUi" */ = {
			isa = XCConfigurationList;
			buildConfigurations = (
				84E2013227F526C7007194ED /* Debug */,
				84E2013327F526C7007194ED /* Release */,
			);
			defaultConfigurationIsVisible = 0;
			defaultConfigurationName = Release;
		};
		84E2013427F526C7007194ED /* Build configuration list for PBXNativeTarget "Concept_swiftUi" */ = {
			isa = XCConfigurationList;
			buildConfigurations = (
				84E2013527F526C7007194ED /* Debug */,
				84E2013627F526C7007194ED /* Release */,
			);
			defaultConfigurationIsVisible = 0;
			defaultConfigurationName = Release;
		};
		84E2013727F526C7007194ED /* Build configuration list for PBXNativeTarget "Concept_swiftUiTests" */ = {
			isa = XCConfigurationList;
			buildConfigurations = (
				84E2013827F526C7007194ED /* Debug */,
				84E2013927F526C7007194ED /* Release */,
			);
			defaultConfigurationIsVisible = 0;
			defaultConfigurationName = Release;
		};
		84E2013A27F526C7007194ED /* Build configuration list for PBXNativeTarget "Concept_swiftUiUITests" */ = {
			isa = XCConfigurationList;
			buildConfigurations = (
				84E2013B27F526C7007194ED /* Debug */,
				84E2013C27F526C7007194ED /* Release */,
			);
			defaultConfigurationIsVisible = 0;
			defaultConfigurationName = Release;
		};
/* End XCConfigurationList section */
	};
	rootObject = 84E2010827F526C6007194ED /* Project object */;
}
